// !$*UTF8*$!
{
	archiveVersion = 1;
	classes = {
	};
	objectVersion = 56;
	objects = {

/* Begin PBXBuildFile section */
		790209472C8DA9F400D9B3BA /* StorageService.swift in Sources */ = {isa = PBXBuildFile; fileRef = 790209462C8DA9F400D9B3BA /* StorageService.swift */; };
		790209492C8DACF900D9B3BA /* PlaybackService.swift in Sources */ = {isa = PBXBuildFile; fileRef = 790209482C8DACF900D9B3BA /* PlaybackService.swift */; };
		7902094B2C8DAE5A00D9B3BA /* BHError.swift in Sources */ = {isa = PBXBuildFile; fileRef = 7902094A2C8DAE5A00D9B3BA /* BHError.swift */; };
		7902094E2C8DB4A600D9B3BA /* ComposableArchitecture in Frameworks */ = {isa = PBXBuildFile; productRef = 7902094D2C8DB4A600D9B3BA /* ComposableArchitecture */; };
		790209502C8DB4C400D9B3BA /* PlayerFeature.swift in Sources */ = {isa = PBXBuildFile; fileRef = 7902094F2C8DB4C400D9B3BA /* PlayerFeature.swift */; };
		790209522C8E284E00D9B3BA /* PlaybackControlStyle.swift in Sources */ = {isa = PBXBuildFile; fileRef = 790209512C8E284E00D9B3BA /* PlaybackControlStyle.swift */; };
		790209572C8E31F400D9B3BA /* We Will Rock You (Remastered) - Queen.m4a in Resources */ = {isa = PBXBuildFile; fileRef = 790209542C8E306800D9B3BA /* We Will Rock You (Remastered) - Queen.m4a */; };
		7902095B2C8E322600D9B3BA /* Небо - SadSvit.m4a in Resources */ = {isa = PBXBuildFile; fileRef = 7902095A2C8E321E00D9B3BA /* Небо - SadSvit.m4a */; };
		7902095C2C8E322900D9B3BA /* Силуети - SadSvit.m4a in Resources */ = {isa = PBXBuildFile; fileRef = 790209562C8E307500D9B3BA /* Силуети - SadSvit.m4a */; };
		7902095E2C8E707D00D9B3BA /* AudioResourceService.swift in Sources */ = {isa = PBXBuildFile; fileRef = 7902095D2C8E707D00D9B3BA /* AudioResourceService.swift */; };
		7931B97B2C8C4779007CE8ED /* GlobalConstants.swift in Sources */ = {isa = PBXBuildFile; fileRef = 7931B97A2C8C4779007CE8ED /* GlobalConstants.swift */; };
		7931B97D2C8C4FB9007CE8ED /* SwiftUISlider.swift in Sources */ = {isa = PBXBuildFile; fileRef = 7931B97C2C8C4FB9007CE8ED /* SwiftUISlider.swift */; };
		7931B97F2C8C543A007CE8ED /* PlaybackControlView.swift in Sources */ = {isa = PBXBuildFile; fileRef = 7931B97E2C8C543A007CE8ED /* PlaybackControlView.swift */; };
		7931B9812C8C7EAF007CE8ED /* Fonts.swift in Sources */ = {isa = PBXBuildFile; fileRef = 7931B9802C8C7EAF007CE8ED /* Fonts.swift */; };
		7931B9832C8C834A007CE8ED /* PlaybackSpeed.swift in Sources */ = {isa = PBXBuildFile; fileRef = 7931B9822C8C834A007CE8ED /* PlaybackSpeed.swift */; };
		7931B9882C8C922C007CE8ED /* PlaybackControlItem.swift in Sources */ = {isa = PBXBuildFile; fileRef = 7931B9872C8C922C007CE8ED /* PlaybackControlItem.swift */; };
		7931B98B2C8C9260007CE8ED /* SwiftUISlider+Modifiers.swift in Sources */ = {isa = PBXBuildFile; fileRef = 7931B98A2C8C9260007CE8ED /* SwiftUISlider+Modifiers.swift */; };
		7931B98D2C8C9581007CE8ED /* AssetColorProtocol.swift in Sources */ = {isa = PBXBuildFile; fileRef = 7931B98C2C8C9581007CE8ED /* AssetColorProtocol.swift */; };
		7931B98F2C8C9668007CE8ED /* Double+MinutesSeconds.swift in Sources */ = {isa = PBXBuildFile; fileRef = 7931B98E2C8C9668007CE8ED /* Double+MinutesSeconds.swift */; };
		795E1EDC2C8EA0C700A6801B /* AppFeature.swift in Sources */ = {isa = PBXBuildFile; fileRef = 795E1EDB2C8EA0C700A6801B /* AppFeature.swift */; };
		795E1EDE2C8EA0F700A6801B /* PlaybackFeature.swift in Sources */ = {isa = PBXBuildFile; fileRef = 795E1EDD2C8EA0F700A6801B /* PlaybackFeature.swift */; };
		79C9DA822C882DD200D32078 /* BookheadApp.swift in Sources */ = {isa = PBXBuildFile; fileRef = 79C9DA812C882DD200D32078 /* BookheadApp.swift */; };
		79C9DA842C882DD200D32078 /* PlayerTabsView.swift in Sources */ = {isa = PBXBuildFile; fileRef = 79C9DA832C882DD200D32078 /* PlayerTabsView.swift */; };
		79C9DA862C882DD300D32078 /* Assets.xcassets in Resources */ = {isa = PBXBuildFile; fileRef = 79C9DA852C882DD300D32078 /* Assets.xcassets */; };
		79C9DA892C882DD300D32078 /* Preview Assets.xcassets in Resources */ = {isa = PBXBuildFile; fileRef = 79C9DA882C882DD300D32078 /* Preview Assets.xcassets */; };
		79C9DA932C882DD300D32078 /* BookheadTests.swift in Sources */ = {isa = PBXBuildFile; fileRef = 79C9DA922C882DD300D32078 /* BookheadTests.swift */; };
		79C9DA9D2C882DD300D32078 /* BookheadUITests.swift in Sources */ = {isa = PBXBuildFile; fileRef = 79C9DA9C2C882DD300D32078 /* BookheadUITests.swift */; };
		79C9DA9F2C882DD300D32078 /* BookheadUITestsLaunchTests.swift in Sources */ = {isa = PBXBuildFile; fileRef = 79C9DA9E2C882DD300D32078 /* BookheadUITestsLaunchTests.swift */; };
		79C9DAAD2C882E9300D32078 /* AppColor.swift in Sources */ = {isa = PBXBuildFile; fileRef = 79C9DAAC2C882E9300D32078 /* AppColor.swift */; };
		79C9DAB02C88480200D32078 /* PlayerTabItemView.swift in Sources */ = {isa = PBXBuildFile; fileRef = 79C9DAAF2C88480200D32078 /* PlayerTabItemView.swift */; };
		79C9DAB22C88482900D32078 /* PlayerTabBarView.swift in Sources */ = {isa = PBXBuildFile; fileRef = 79C9DAB12C88482900D32078 /* PlayerTabBarView.swift */; };
		79C9DAB42C88488500D32078 /* PlayerTabs.swift in Sources */ = {isa = PBXBuildFile; fileRef = 79C9DAB32C88488500D32078 /* PlayerTabs.swift */; };
		79C9DAB62C88500900D32078 /* PlayerView.swift in Sources */ = {isa = PBXBuildFile; fileRef = 79C9DAB52C88500900D32078 /* PlayerView.swift */; };
		79C9DABA2C8850A300D32078 /* PlayerTextTab.swift in Sources */ = {isa = PBXBuildFile; fileRef = 79C9DAB92C8850A300D32078 /* PlayerTextTab.swift */; };
/* End PBXBuildFile section */

/* Begin PBXContainerItemProxy section */
		79C9DA8F2C882DD300D32078 /* PBXContainerItemProxy */ = {
			isa = PBXContainerItemProxy;
			containerPortal = 79C9DA762C882DD200D32078 /* Project object */;
			proxyType = 1;
			remoteGlobalIDString = 79C9DA7D2C882DD200D32078;
			remoteInfo = Bookhead;
		};
		79C9DA992C882DD300D32078 /* PBXContainerItemProxy */ = {
			isa = PBXContainerItemProxy;
			containerPortal = 79C9DA762C882DD200D32078 /* Project object */;
			proxyType = 1;
			remoteGlobalIDString = 79C9DA7D2C882DD200D32078;
			remoteInfo = Bookhead;
		};
/* End PBXContainerItemProxy section */

/* Begin PBXFileReference section */
		790209462C8DA9F400D9B3BA /* StorageService.swift */ = {isa = PBXFileReference; lastKnownFileType = sourcecode.swift; path = StorageService.swift; sourceTree = "<group>"; };
		790209482C8DACF900D9B3BA /* PlaybackService.swift */ = {isa = PBXFileReference; lastKnownFileType = sourcecode.swift; path = PlaybackService.swift; sourceTree = "<group>"; };
		7902094A2C8DAE5A00D9B3BA /* BHError.swift */ = {isa = PBXFileReference; lastKnownFileType = sourcecode.swift; path = BHError.swift; sourceTree = "<group>"; };
		7902094F2C8DB4C400D9B3BA /* PlayerFeature.swift */ = {isa = PBXFileReference; lastKnownFileType = sourcecode.swift; path = PlayerFeature.swift; sourceTree = "<group>"; };
		790209512C8E284E00D9B3BA /* PlaybackControlStyle.swift */ = {isa = PBXFileReference; lastKnownFileType = sourcecode.swift; path = PlaybackControlStyle.swift; sourceTree = "<group>"; };
		790209542C8E306800D9B3BA /* We Will Rock You (Remastered) - Queen.m4a */ = {isa = PBXFileReference; lastKnownFileType = file; path = "We Will Rock You (Remastered) - Queen.m4a"; sourceTree = "<group>"; };
		790209562C8E307500D9B3BA /* Силуети - SadSvit.m4a */ = {isa = PBXFileReference; lastKnownFileType = file; name = "Силуети - SadSvit.m4a"; path = "../../../../Downloads/Силуети - SadSvit.m4a"; sourceTree = "<group>"; };
		7902095A2C8E321E00D9B3BA /* Небо - SadSvit.m4a */ = {isa = PBXFileReference; lastKnownFileType = file; path = "Небо - SadSvit.m4a"; sourceTree = "<group>"; };
		7902095D2C8E707D00D9B3BA /* AudioResourceService.swift */ = {isa = PBXFileReference; lastKnownFileType = sourcecode.swift; path = AudioResourceService.swift; sourceTree = "<group>"; };
		7931B97A2C8C4779007CE8ED /* GlobalConstants.swift */ = {isa = PBXFileReference; lastKnownFileType = sourcecode.swift; path = GlobalConstants.swift; sourceTree = "<group>"; };
		7931B97C2C8C4FB9007CE8ED /* SwiftUISlider.swift */ = {isa = PBXFileReference; lastKnownFileType = sourcecode.swift; path = SwiftUISlider.swift; sourceTree = "<group>"; };
		7931B97E2C8C543A007CE8ED /* PlaybackControlView.swift */ = {isa = PBXFileReference; lastKnownFileType = sourcecode.swift; path = PlaybackControlView.swift; sourceTree = "<group>"; };
		7931B9802C8C7EAF007CE8ED /* Fonts.swift */ = {isa = PBXFileReference; lastKnownFileType = sourcecode.swift; path = Fonts.swift; sourceTree = "<group>"; };
		7931B9822C8C834A007CE8ED /* PlaybackSpeed.swift */ = {isa = PBXFileReference; lastKnownFileType = sourcecode.swift; path = PlaybackSpeed.swift; sourceTree = "<group>"; };
		7931B9872C8C922C007CE8ED /* PlaybackControlItem.swift */ = {isa = PBXFileReference; lastKnownFileType = sourcecode.swift; path = PlaybackControlItem.swift; sourceTree = "<group>"; };
		7931B98A2C8C9260007CE8ED /* SwiftUISlider+Modifiers.swift */ = {isa = PBXFileReference; lastKnownFileType = sourcecode.swift; path = "SwiftUISlider+Modifiers.swift"; sourceTree = "<group>"; };
		7931B98C2C8C9581007CE8ED /* AssetColorProtocol.swift */ = {isa = PBXFileReference; lastKnownFileType = sourcecode.swift; path = AssetColorProtocol.swift; sourceTree = "<group>"; };
		7931B98E2C8C9668007CE8ED /* Double+MinutesSeconds.swift */ = {isa = PBXFileReference; lastKnownFileType = sourcecode.swift; path = "Double+MinutesSeconds.swift"; sourceTree = "<group>"; };
		795E1EDB2C8EA0C700A6801B /* AppFeature.swift */ = {isa = PBXFileReference; lastKnownFileType = sourcecode.swift; path = AppFeature.swift; sourceTree = "<group>"; };
		795E1EDD2C8EA0F700A6801B /* PlaybackFeature.swift */ = {isa = PBXFileReference; lastKnownFileType = sourcecode.swift; path = PlaybackFeature.swift; sourceTree = "<group>"; };
		79C9DA7E2C882DD200D32078 /* Bookhead.app */ = {isa = PBXFileReference; explicitFileType = wrapper.application; includeInIndex = 0; path = Bookhead.app; sourceTree = BUILT_PRODUCTS_DIR; };
		79C9DA812C882DD200D32078 /* BookheadApp.swift */ = {isa = PBXFileReference; lastKnownFileType = sourcecode.swift; path = BookheadApp.swift; sourceTree = "<group>"; };
		79C9DA832C882DD200D32078 /* PlayerTabsView.swift */ = {isa = PBXFileReference; lastKnownFileType = sourcecode.swift; path = PlayerTabsView.swift; sourceTree = "<group>"; };
		79C9DA852C882DD300D32078 /* Assets.xcassets */ = {isa = PBXFileReference; lastKnownFileType = folder.assetcatalog; path = Assets.xcassets; sourceTree = "<group>"; };
		79C9DA882C882DD300D32078 /* Preview Assets.xcassets */ = {isa = PBXFileReference; lastKnownFileType = folder.assetcatalog; path = "Preview Assets.xcassets"; sourceTree = "<group>"; };
		79C9DA8E2C882DD300D32078 /* BookheadTests.xctest */ = {isa = PBXFileReference; explicitFileType = wrapper.cfbundle; includeInIndex = 0; path = BookheadTests.xctest; sourceTree = BUILT_PRODUCTS_DIR; };
		79C9DA922C882DD300D32078 /* BookheadTests.swift */ = {isa = PBXFileReference; lastKnownFileType = sourcecode.swift; path = BookheadTests.swift; sourceTree = "<group>"; };
		79C9DA982C882DD300D32078 /* BookheadUITests.xctest */ = {isa = PBXFileReference; explicitFileType = wrapper.cfbundle; includeInIndex = 0; path = BookheadUITests.xctest; sourceTree = BUILT_PRODUCTS_DIR; };
		79C9DA9C2C882DD300D32078 /* BookheadUITests.swift */ = {isa = PBXFileReference; lastKnownFileType = sourcecode.swift; path = BookheadUITests.swift; sourceTree = "<group>"; };
		79C9DA9E2C882DD300D32078 /* BookheadUITestsLaunchTests.swift */ = {isa = PBXFileReference; lastKnownFileType = sourcecode.swift; path = BookheadUITestsLaunchTests.swift; sourceTree = "<group>"; };
		79C9DAAC2C882E9300D32078 /* AppColor.swift */ = {isa = PBXFileReference; lastKnownFileType = sourcecode.swift; path = AppColor.swift; sourceTree = "<group>"; };
		79C9DAAF2C88480200D32078 /* PlayerTabItemView.swift */ = {isa = PBXFileReference; lastKnownFileType = sourcecode.swift; path = PlayerTabItemView.swift; sourceTree = "<group>"; };
		79C9DAB12C88482900D32078 /* PlayerTabBarView.swift */ = {isa = PBXFileReference; lastKnownFileType = sourcecode.swift; path = PlayerTabBarView.swift; sourceTree = "<group>"; };
		79C9DAB32C88488500D32078 /* PlayerTabs.swift */ = {isa = PBXFileReference; lastKnownFileType = sourcecode.swift; path = PlayerTabs.swift; sourceTree = "<group>"; };
		79C9DAB52C88500900D32078 /* PlayerView.swift */ = {isa = PBXFileReference; lastKnownFileType = sourcecode.swift; path = PlayerView.swift; sourceTree = "<group>"; };
		79C9DAB92C8850A300D32078 /* PlayerTextTab.swift */ = {isa = PBXFileReference; lastKnownFileType = sourcecode.swift; path = PlayerTextTab.swift; sourceTree = "<group>"; };
/* End PBXFileReference section */

/* Begin PBXFrameworksBuildPhase section */
		79C9DA7B2C882DD200D32078 /* Frameworks */ = {
			isa = PBXFrameworksBuildPhase;
			buildActionMask = 2147483647;
			files = (
				7902094E2C8DB4A600D9B3BA /* ComposableArchitecture in Frameworks */,
			);
			runOnlyForDeploymentPostprocessing = 0;
		};
		79C9DA8B2C882DD300D32078 /* Frameworks */ = {
			isa = PBXFrameworksBuildPhase;
			buildActionMask = 2147483647;
			files = (
			);
			runOnlyForDeploymentPostprocessing = 0;
		};
		79C9DA952C882DD300D32078 /* Frameworks */ = {
			isa = PBXFrameworksBuildPhase;
			buildActionMask = 2147483647;
			files = (
			);
			runOnlyForDeploymentPostprocessing = 0;
		};
/* End PBXFrameworksBuildPhase section */

/* Begin PBXGroup section */
		790209532C8E304900D9B3BA /* SampleData */ = {
			isa = PBXGroup;
			children = (
				790209542C8E306800D9B3BA /* We Will Rock You (Remastered) - Queen.m4a */,
				7902095A2C8E321E00D9B3BA /* Небо - SadSvit.m4a */,
				790209562C8E307500D9B3BA /* Силуети - SadSvit.m4a */,
			);
			path = SampleData;
			sourceTree = "<group>";
		};
		7931B9842C8C9196007CE8ED /* Components */ = {
			isa = PBXGroup;
			children = (
				790209512C8E284E00D9B3BA /* PlaybackControlStyle.swift */,
				7931B9862C8C9218007CE8ED /* PlaybackControl */,
				7931B9892C8C9246007CE8ED /* SwiftUISlider */,
				7931B9852C8C91E9007CE8ED /* TabBar */,
			);
			path = Components;
			sourceTree = "<group>";
		};
		7931B9852C8C91E9007CE8ED /* TabBar */ = {
			isa = PBXGroup;
			children = (
				79C9DAB32C88488500D32078 /* PlayerTabs.swift */,
				79C9DAAF2C88480200D32078 /* PlayerTabItemView.swift */,
				79C9DAB12C88482900D32078 /* PlayerTabBarView.swift */,
			);
			path = TabBar;
			sourceTree = "<group>";
		};
		7931B9862C8C9218007CE8ED /* PlaybackControl */ = {
			isa = PBXGroup;
			children = (
				7931B97E2C8C543A007CE8ED /* PlaybackControlView.swift */,
				7931B9872C8C922C007CE8ED /* PlaybackControlItem.swift */,
			);
			path = PlaybackControl;
			sourceTree = "<group>";
		};
		7931B9892C8C9246007CE8ED /* SwiftUISlider */ = {
			isa = PBXGroup;
			children = (
				7931B97C2C8C4FB9007CE8ED /* SwiftUISlider.swift */,
				7931B98A2C8C9260007CE8ED /* SwiftUISlider+Modifiers.swift */,
			);
			path = SwiftUISlider;
			sourceTree = "<group>";
		};
		795E1EDF2C8EA17200A6801B /* PlayerView */ = {
			isa = PBXGroup;
			children = (
				79C9DAB52C88500900D32078 /* PlayerView.swift */,
				7902094F2C8DB4C400D9B3BA /* PlayerFeature.swift */,
				795E1EDD2C8EA0F700A6801B /* PlaybackFeature.swift */,
			);
			path = PlayerView;
			sourceTree = "<group>";
		};
		79C9DA752C882DD200D32078 = {
			isa = PBXGroup;
			children = (
				79C9DA802C882DD200D32078 /* Bookhead */,
				79C9DA912C882DD300D32078 /* BookheadTests */,
				79C9DA9B2C882DD300D32078 /* BookheadUITests */,
				79C9DA7F2C882DD200D32078 /* Products */,
			);
			sourceTree = "<group>";
		};
		79C9DA7F2C882DD200D32078 /* Products */ = {
			isa = PBXGroup;
			children = (
				79C9DA7E2C882DD200D32078 /* Bookhead.app */,
				79C9DA8E2C882DD300D32078 /* BookheadTests.xctest */,
				79C9DA982C882DD300D32078 /* BookheadUITests.xctest */,
			);
			name = Products;
			sourceTree = "<group>";
		};
		79C9DA802C882DD200D32078 /* Bookhead */ = {
			isa = PBXGroup;
			children = (
				790209532C8E304900D9B3BA /* SampleData */,
				79C9DA812C882DD200D32078 /* BookheadApp.swift */,
				795E1EDB2C8EA0C700A6801B /* AppFeature.swift */,
				79C9DAAE2C8847DE00D32078 /* PlayerTabs */,
				7931B9842C8C9196007CE8ED /* Components */,
				79C9DAAB2C882E6000D32078 /* Extensions */,
				79C9DA852C882DD300D32078 /* Assets.xcassets */,
				79C9DA872C882DD300D32078 /* Preview Content */,
				7931B9822C8C834A007CE8ED /* PlaybackSpeed.swift */,
				790209462C8DA9F400D9B3BA /* StorageService.swift */,
				790209482C8DACF900D9B3BA /* PlaybackService.swift */,
				7931B97A2C8C4779007CE8ED /* GlobalConstants.swift */,
				7902094A2C8DAE5A00D9B3BA /* BHError.swift */,
				7902095D2C8E707D00D9B3BA /* AudioResourceService.swift */,
			);
			path = Bookhead;
			sourceTree = "<group>";
		};
		79C9DA872C882DD300D32078 /* Preview Content */ = {
			isa = PBXGroup;
			children = (
				79C9DA882C882DD300D32078 /* Preview Assets.xcassets */,
			);
			path = "Preview Content";
			sourceTree = "<group>";
		};
		79C9DA912C882DD300D32078 /* BookheadTests */ = {
			isa = PBXGroup;
			children = (
				79C9DA922C882DD300D32078 /* BookheadTests.swift */,
			);
			path = BookheadTests;
			sourceTree = "<group>";
		};
		79C9DA9B2C882DD300D32078 /* BookheadUITests */ = {
			isa = PBXGroup;
			children = (
				79C9DA9C2C882DD300D32078 /* BookheadUITests.swift */,
				79C9DA9E2C882DD300D32078 /* BookheadUITestsLaunchTests.swift */,
			);
			path = BookheadUITests;
			sourceTree = "<group>";
		};
		79C9DAAB2C882E6000D32078 /* Extensions */ = {
			isa = PBXGroup;
			children = (
				7931B98C2C8C9581007CE8ED /* AssetColorProtocol.swift */,
				79C9DAAC2C882E9300D32078 /* AppColor.swift */,
				7931B9802C8C7EAF007CE8ED /* Fonts.swift */,
				7931B98E2C8C9668007CE8ED /* Double+MinutesSeconds.swift */,
			);
			path = Extensions;
			sourceTree = "<group>";
		};
		79C9DAAE2C8847DE00D32078 /* PlayerTabs */ = {
			isa = PBXGroup;
			children = (
				79C9DA832C882DD200D32078 /* PlayerTabsView.swift */,
				795E1EDF2C8EA17200A6801B /* PlayerView */,
				79C9DAB92C8850A300D32078 /* PlayerTextTab.swift */,
			);
			path = PlayerTabs;
			sourceTree = "<group>";
		};
/* End PBXGroup section */

/* Begin PBXNativeTarget section */
		79C9DA7D2C882DD200D32078 /* Bookhead */ = {
			isa = PBXNativeTarget;
			buildConfigurationList = 79C9DAA22C882DD300D32078 /* Build configuration list for PBXNativeTarget "Bookhead" */;
			buildPhases = (
				79C9DA7A2C882DD200D32078 /* Sources */,
				79C9DA7B2C882DD200D32078 /* Frameworks */,
				79C9DA7C2C882DD200D32078 /* Resources */,
			);
			buildRules = (
			);
			dependencies = (
			);
			name = Bookhead;
			packageProductDependencies = (
				7902094D2C8DB4A600D9B3BA /* ComposableArchitecture */,
			);
			productName = Bookhead;
			productReference = 79C9DA7E2C882DD200D32078 /* Bookhead.app */;
			productType = "com.apple.product-type.application";
		};
		79C9DA8D2C882DD300D32078 /* BookheadTests */ = {
			isa = PBXNativeTarget;
			buildConfigurationList = 79C9DAA52C882DD300D32078 /* Build configuration list for PBXNativeTarget "BookheadTests" */;
			buildPhases = (
				79C9DA8A2C882DD300D32078 /* Sources */,
				79C9DA8B2C882DD300D32078 /* Frameworks */,
				79C9DA8C2C882DD300D32078 /* Resources */,
			);
			buildRules = (
			);
			dependencies = (
				79C9DA902C882DD300D32078 /* PBXTargetDependency */,
			);
			name = BookheadTests;
			productName = BookheadTests;
			productReference = 79C9DA8E2C882DD300D32078 /* BookheadTests.xctest */;
			productType = "com.apple.product-type.bundle.unit-test";
		};
		79C9DA972C882DD300D32078 /* BookheadUITests */ = {
			isa = PBXNativeTarget;
			buildConfigurationList = 79C9DAA82C882DD300D32078 /* Build configuration list for PBXNativeTarget "BookheadUITests" */;
			buildPhases = (
				79C9DA942C882DD300D32078 /* Sources */,
				79C9DA952C882DD300D32078 /* Frameworks */,
				79C9DA962C882DD300D32078 /* Resources */,
			);
			buildRules = (
			);
			dependencies = (
				79C9DA9A2C882DD300D32078 /* PBXTargetDependency */,
			);
			name = BookheadUITests;
			productName = BookheadUITests;
			productReference = 79C9DA982C882DD300D32078 /* BookheadUITests.xctest */;
			productType = "com.apple.product-type.bundle.ui-testing";
		};
/* End PBXNativeTarget section */

/* Begin PBXProject section */
		79C9DA762C882DD200D32078 /* Project object */ = {
			isa = PBXProject;
			attributes = {
				BuildIndependentTargetsInParallel = 1;
				LastSwiftUpdateCheck = 1540;
				LastUpgradeCheck = 1540;
				TargetAttributes = {
					79C9DA7D2C882DD200D32078 = {
						CreatedOnToolsVersion = 15.4;
					};
					79C9DA8D2C882DD300D32078 = {
						CreatedOnToolsVersion = 15.4;
						TestTargetID = 79C9DA7D2C882DD200D32078;
					};
					79C9DA972C882DD300D32078 = {
						CreatedOnToolsVersion = 15.4;
						TestTargetID = 79C9DA7D2C882DD200D32078;
					};
				};
			};
			buildConfigurationList = 79C9DA792C882DD200D32078 /* Build configuration list for PBXProject "Bookhead" */;
			compatibilityVersion = "Xcode 14.0";
			developmentRegion = en;
			hasScannedForEncodings = 0;
			knownRegions = (
				en,
				Base,
			);
			mainGroup = 79C9DA752C882DD200D32078;
			packageReferences = (
				7902094C2C8DB4A600D9B3BA /* XCRemoteSwiftPackageReference "swift-composable-architecture" */,
			);
			productRefGroup = 79C9DA7F2C882DD200D32078 /* Products */;
			projectDirPath = "";
			projectRoot = "";
			targets = (
				79C9DA7D2C882DD200D32078 /* Bookhead */,
				79C9DA8D2C882DD300D32078 /* BookheadTests */,
				79C9DA972C882DD300D32078 /* BookheadUITests */,
			);
		};
/* End PBXProject section */

/* Begin PBXResourcesBuildPhase section */
		79C9DA7C2C882DD200D32078 /* Resources */ = {
			isa = PBXResourcesBuildPhase;
			buildActionMask = 2147483647;
			files = (
				7902095C2C8E322900D9B3BA /* Силуети - SadSvit.m4a in Resources */,
				7902095B2C8E322600D9B3BA /* Небо - SadSvit.m4a in Resources */,
				790209572C8E31F400D9B3BA /* We Will Rock You (Remastered) - Queen.m4a in Resources */,
				79C9DA892C882DD300D32078 /* Preview Assets.xcassets in Resources */,
				79C9DA862C882DD300D32078 /* Assets.xcassets in Resources */,
			);
			runOnlyForDeploymentPostprocessing = 0;
		};
		79C9DA8C2C882DD300D32078 /* Resources */ = {
			isa = PBXResourcesBuildPhase;
			buildActionMask = 2147483647;
			files = (
			);
			runOnlyForDeploymentPostprocessing = 0;
		};
		79C9DA962C882DD300D32078 /* Resources */ = {
			isa = PBXResourcesBuildPhase;
			buildActionMask = 2147483647;
			files = (
			);
			runOnlyForDeploymentPostprocessing = 0;
		};
/* End PBXResourcesBuildPhase section */

/* Begin PBXSourcesBuildPhase section */
		79C9DA7A2C882DD200D32078 /* Sources */ = {
			isa = PBXSourcesBuildPhase;
			buildActionMask = 2147483647;
			files = (
				790209522C8E284E00D9B3BA /* PlaybackControlStyle.swift in Sources */,
				7902095E2C8E707D00D9B3BA /* AudioResourceService.swift in Sources */,
				790209492C8DACF900D9B3BA /* PlaybackService.swift in Sources */,
				7931B9832C8C834A007CE8ED /* PlaybackSpeed.swift in Sources */,
				7931B9812C8C7EAF007CE8ED /* Fonts.swift in Sources */,
				795E1EDC2C8EA0C700A6801B /* AppFeature.swift in Sources */,
				795E1EDE2C8EA0F700A6801B /* PlaybackFeature.swift in Sources */,
				79C9DAB42C88488500D32078 /* PlayerTabs.swift in Sources */,
				7902094B2C8DAE5A00D9B3BA /* BHError.swift in Sources */,
				7931B98B2C8C9260007CE8ED /* SwiftUISlider+Modifiers.swift in Sources */,
				7931B98D2C8C9581007CE8ED /* AssetColorProtocol.swift in Sources */,
				79C9DAB22C88482900D32078 /* PlayerTabBarView.swift in Sources */,
				79C9DAB62C88500900D32078 /* PlayerView.swift in Sources */,
				790209472C8DA9F400D9B3BA /* StorageService.swift in Sources */,
				79C9DAB02C88480200D32078 /* PlayerTabItemView.swift in Sources */,
				79C9DA842C882DD200D32078 /* PlayerTabsView.swift in Sources */,
				79C9DA822C882DD200D32078 /* BookheadApp.swift in Sources */,
				7931B97F2C8C543A007CE8ED /* PlaybackControlView.swift in Sources */,
				790209502C8DB4C400D9B3BA /* PlayerFeature.swift in Sources */,
				79C9DAAD2C882E9300D32078 /* AppColor.swift in Sources */,
				7931B97D2C8C4FB9007CE8ED /* SwiftUISlider.swift in Sources */,
				79C9DABA2C8850A300D32078 /* PlayerTextTab.swift in Sources */,
				7931B97B2C8C4779007CE8ED /* GlobalConstants.swift in Sources */,
				7931B98F2C8C9668007CE8ED /* Double+MinutesSeconds.swift in Sources */,
				7931B9882C8C922C007CE8ED /* PlaybackControlItem.swift in Sources */,
			);
			runOnlyForDeploymentPostprocessing = 0;
		};
		79C9DA8A2C882DD300D32078 /* Sources */ = {
			isa = PBXSourcesBuildPhase;
			buildActionMask = 2147483647;
			files = (
				79C9DA932C882DD300D32078 /* BookheadTests.swift in Sources */,
			);
			runOnlyForDeploymentPostprocessing = 0;
		};
		79C9DA942C882DD300D32078 /* Sources */ = {
			isa = PBXSourcesBuildPhase;
			buildActionMask = 2147483647;
			files = (
				79C9DA9F2C882DD300D32078 /* BookheadUITestsLaunchTests.swift in Sources */,
				79C9DA9D2C882DD300D32078 /* BookheadUITests.swift in Sources */,
			);
			runOnlyForDeploymentPostprocessing = 0;
		};
/* End PBXSourcesBuildPhase section */

/* Begin PBXTargetDependency section */
		79C9DA902C882DD300D32078 /* PBXTargetDependency */ = {
			isa = PBXTargetDependency;
			target = 79C9DA7D2C882DD200D32078 /* Bookhead */;
			targetProxy = 79C9DA8F2C882DD300D32078 /* PBXContainerItemProxy */;
		};
		79C9DA9A2C882DD300D32078 /* PBXTargetDependency */ = {
			isa = PBXTargetDependency;
			target = 79C9DA7D2C882DD200D32078 /* Bookhead */;
			targetProxy = 79C9DA992C882DD300D32078 /* PBXContainerItemProxy */;
		};
/* End PBXTargetDependency section */

/* Begin XCBuildConfiguration section */
		79C9DAA02C882DD300D32078 /* Debug */ = {
			isa = XCBuildConfiguration;
			buildSettings = {
				ALWAYS_SEARCH_USER_PATHS = NO;
				ASSETCATALOG_COMPILER_GENERATE_SWIFT_ASSET_SYMBOL_EXTENSIONS = YES;
				CLANG_ANALYZER_NONNULL = YES;
				CLANG_ANALYZER_NUMBER_OBJECT_CONVERSION = YES_AGGRESSIVE;
				CLANG_CXX_LANGUAGE_STANDARD = "gnu++20";
				CLANG_ENABLE_MODULES = YES;
				CLANG_ENABLE_OBJC_ARC = YES;
				CLANG_ENABLE_OBJC_WEAK = YES;
				CLANG_WARN_BLOCK_CAPTURE_AUTORELEASING = YES;
				CLANG_WARN_BOOL_CONVERSION = YES;
				CLANG_WARN_COMMA = YES;
				CLANG_WARN_CONSTANT_CONVERSION = YES;
				CLANG_WARN_DEPRECATED_OBJC_IMPLEMENTATIONS = YES;
				CLANG_WARN_DIRECT_OBJC_ISA_USAGE = YES_ERROR;
				CLANG_WARN_DOCUMENTATION_COMMENTS = YES;
				CLANG_WARN_EMPTY_BODY = YES;
				CLANG_WARN_ENUM_CONVERSION = YES;
				CLANG_WARN_INFINITE_RECURSION = YES;
				CLANG_WARN_INT_CONVERSION = YES;
				CLANG_WARN_NON_LITERAL_NULL_CONVERSION = YES;
				CLANG_WARN_OBJC_IMPLICIT_RETAIN_SELF = YES;
				CLANG_WARN_OBJC_LITERAL_CONVERSION = YES;
				CLANG_WARN_OBJC_ROOT_CLASS = YES_ERROR;
				CLANG_WARN_QUOTED_INCLUDE_IN_FRAMEWORK_HEADER = YES;
				CLANG_WARN_RANGE_LOOP_ANALYSIS = YES;
				CLANG_WARN_STRICT_PROTOTYPES = YES;
				CLANG_WARN_SUSPICIOUS_MOVE = YES;
				CLANG_WARN_UNGUARDED_AVAILABILITY = YES_AGGRESSIVE;
				CLANG_WARN_UNREACHABLE_CODE = YES;
				CLANG_WARN__DUPLICATE_METHOD_MATCH = YES;
				COPY_PHASE_STRIP = NO;
				DEBUG_INFORMATION_FORMAT = dwarf;
				ENABLE_STRICT_OBJC_MSGSEND = YES;
				ENABLE_TESTABILITY = YES;
				ENABLE_USER_SCRIPT_SANDBOXING = YES;
				GCC_C_LANGUAGE_STANDARD = gnu17;
				GCC_DYNAMIC_NO_PIC = NO;
				GCC_NO_COMMON_BLOCKS = YES;
				GCC_OPTIMIZATION_LEVEL = 0;
				GCC_PREPROCESSOR_DEFINITIONS = (
					"DEBUG=1",
					"$(inherited)",
				);
				GCC_WARN_64_TO_32_BIT_CONVERSION = YES;
				GCC_WARN_ABOUT_RETURN_TYPE = YES_ERROR;
				GCC_WARN_UNDECLARED_SELECTOR = YES;
				GCC_WARN_UNINITIALIZED_AUTOS = YES_AGGRESSIVE;
				GCC_WARN_UNUSED_FUNCTION = YES;
				GCC_WARN_UNUSED_VARIABLE = YES;
				IPHONEOS_DEPLOYMENT_TARGET = 17.5;
				LOCALIZATION_PREFERS_STRING_CATALOGS = YES;
				MTL_ENABLE_DEBUG_INFO = INCLUDE_SOURCE;
				MTL_FAST_MATH = YES;
				ONLY_ACTIVE_ARCH = YES;
				SDKROOT = iphoneos;
				SWIFT_ACTIVE_COMPILATION_CONDITIONS = "DEBUG $(inherited)";
				SWIFT_OPTIMIZATION_LEVEL = "-Onone";
			};
			name = Debug;
		};
		79C9DAA12C882DD300D32078 /* Release */ = {
			isa = XCBuildConfiguration;
			buildSettings = {
				ALWAYS_SEARCH_USER_PATHS = NO;
				ASSETCATALOG_COMPILER_GENERATE_SWIFT_ASSET_SYMBOL_EXTENSIONS = YES;
				CLANG_ANALYZER_NONNULL = YES;
				CLANG_ANALYZER_NUMBER_OBJECT_CONVERSION = YES_AGGRESSIVE;
				CLANG_CXX_LANGUAGE_STANDARD = "gnu++20";
				CLANG_ENABLE_MODULES = YES;
				CLANG_ENABLE_OBJC_ARC = YES;
				CLANG_ENABLE_OBJC_WEAK = YES;
				CLANG_WARN_BLOCK_CAPTURE_AUTORELEASING = YES;
				CLANG_WARN_BOOL_CONVERSION = YES;
				CLANG_WARN_COMMA = YES;
				CLANG_WARN_CONSTANT_CONVERSION = YES;
				CLANG_WARN_DEPRECATED_OBJC_IMPLEMENTATIONS = YES;
				CLANG_WARN_DIRECT_OBJC_ISA_USAGE = YES_ERROR;
				CLANG_WARN_DOCUMENTATION_COMMENTS = YES;
				CLANG_WARN_EMPTY_BODY = YES;
				CLANG_WARN_ENUM_CONVERSION = YES;
				CLANG_WARN_INFINITE_RECURSION = YES;
				CLANG_WARN_INT_CONVERSION = YES;
				CLANG_WARN_NON_LITERAL_NULL_CONVERSION = YES;
				CLANG_WARN_OBJC_IMPLICIT_RETAIN_SELF = YES;
				CLANG_WARN_OBJC_LITERAL_CONVERSION = YES;
				CLANG_WARN_OBJC_ROOT_CLASS = YES_ERROR;
				CLANG_WARN_QUOTED_INCLUDE_IN_FRAMEWORK_HEADER = YES;
				CLANG_WARN_RANGE_LOOP_ANALYSIS = YES;
				CLANG_WARN_STRICT_PROTOTYPES = YES;
				CLANG_WARN_SUSPICIOUS_MOVE = YES;
				CLANG_WARN_UNGUARDED_AVAILABILITY = YES_AGGRESSIVE;
				CLANG_WARN_UNREACHABLE_CODE = YES;
				CLANG_WARN__DUPLICATE_METHOD_MATCH = YES;
				COPY_PHASE_STRIP = NO;
				DEBUG_INFORMATION_FORMAT = "dwarf-with-dsym";
				ENABLE_NS_ASSERTIONS = NO;
				ENABLE_STRICT_OBJC_MSGSEND = YES;
				ENABLE_USER_SCRIPT_SANDBOXING = YES;
				GCC_C_LANGUAGE_STANDARD = gnu17;
				GCC_NO_COMMON_BLOCKS = YES;
				GCC_WARN_64_TO_32_BIT_CONVERSION = YES;
				GCC_WARN_ABOUT_RETURN_TYPE = YES_ERROR;
				GCC_WARN_UNDECLARED_SELECTOR = YES;
				GCC_WARN_UNINITIALIZED_AUTOS = YES_AGGRESSIVE;
				GCC_WARN_UNUSED_FUNCTION = YES;
				GCC_WARN_UNUSED_VARIABLE = YES;
				IPHONEOS_DEPLOYMENT_TARGET = 17.5;
				LOCALIZATION_PREFERS_STRING_CATALOGS = YES;
				MTL_ENABLE_DEBUG_INFO = NO;
				MTL_FAST_MATH = YES;
				SDKROOT = iphoneos;
				SWIFT_COMPILATION_MODE = wholemodule;
				VALIDATE_PRODUCT = YES;
			};
			name = Release;
		};
		79C9DAA32C882DD300D32078 /* Debug */ = {
			isa = XCBuildConfiguration;
			buildSettings = {
				ASSETCATALOG_COMPILER_APPICON_NAME = AppIcon;
				ASSETCATALOG_COMPILER_GLOBAL_ACCENT_COLOR_NAME = AccentColor;
				CODE_SIGN_STYLE = Automatic;
				CURRENT_PROJECT_VERSION = 1;
				DEVELOPMENT_ASSET_PATHS = "\"Bookhead/Preview Content\"";
				DEVELOPMENT_TEAM = D85QWSUNYA;
				ENABLE_PREVIEWS = YES;
				GENERATE_INFOPLIST_FILE = YES;
				INFOPLIST_KEY_UIApplicationSceneManifest_Generation = YES;
				INFOPLIST_KEY_UIApplicationSupportsIndirectInputEvents = YES;
				INFOPLIST_KEY_UILaunchScreen_Generation = YES;
				INFOPLIST_KEY_UISupportedInterfaceOrientations_iPad = "UIInterfaceOrientationPortrait UIInterfaceOrientationPortraitUpsideDown UIInterfaceOrientationLandscapeLeft UIInterfaceOrientationLandscapeRight";
				INFOPLIST_KEY_UISupportedInterfaceOrientations_iPhone = "UIInterfaceOrientationPortrait UIInterfaceOrientationLandscapeLeft UIInterfaceOrientationLandscapeRight";
				LD_RUNPATH_SEARCH_PATHS = (
					"$(inherited)",
					"@executable_path/Frameworks",
				);
				MARKETING_VERSION = 1.0;
				PRODUCT_BUNDLE_IDENTIFIER = com.edu.ukma.danylolitvinchuk.Bookhead;
				PRODUCT_NAME = "$(TARGET_NAME)";
				SWIFT_EMIT_LOC_STRINGS = YES;
				SWIFT_VERSION = 5.0;
				TARGETED_DEVICE_FAMILY = "1,2";
			};
			name = Debug;
		};
		79C9DAA42C882DD300D32078 /* Release */ = {
			isa = XCBuildConfiguration;
			buildSettings = {
				ASSETCATALOG_COMPILER_APPICON_NAME = AppIcon;
				ASSETCATALOG_COMPILER_GLOBAL_ACCENT_COLOR_NAME = AccentColor;
				CODE_SIGN_STYLE = Automatic;
				CURRENT_PROJECT_VERSION = 1;
				DEVELOPMENT_ASSET_PATHS = "\"Bookhead/Preview Content\"";
				DEVELOPMENT_TEAM = D85QWSUNYA;
				ENABLE_PREVIEWS = YES;
				GENERATE_INFOPLIST_FILE = YES;
				INFOPLIST_KEY_UIApplicationSceneManifest_Generation = YES;
				INFOPLIST_KEY_UIApplicationSupportsIndirectInputEvents = YES;
				INFOPLIST_KEY_UILaunchScreen_Generation = YES;
				INFOPLIST_KEY_UISupportedInterfaceOrientations_iPad = "UIInterfaceOrientationPortrait UIInterfaceOrientationPortraitUpsideDown UIInterfaceOrientationLandscapeLeft UIInterfaceOrientationLandscapeRight";
				INFOPLIST_KEY_UISupportedInterfaceOrientations_iPhone = "UIInterfaceOrientationPortrait UIInterfaceOrientationLandscapeLeft UIInterfaceOrientationLandscapeRight";
				LD_RUNPATH_SEARCH_PATHS = (
					"$(inherited)",
					"@executable_path/Frameworks",
				);
				MARKETING_VERSION = 1.0;
				PRODUCT_BUNDLE_IDENTIFIER = com.edu.ukma.danylolitvinchuk.Bookhead;
				PRODUCT_NAME = "$(TARGET_NAME)";
				SWIFT_EMIT_LOC_STRINGS = YES;
				SWIFT_VERSION = 5.0;
				TARGETED_DEVICE_FAMILY = "1,2";
			};
			name = Release;
		};
		79C9DAA62C882DD300D32078 /* Debug */ = {
			isa = XCBuildConfiguration;
			buildSettings = {
				ALWAYS_EMBED_SWIFT_STANDARD_LIBRARIES = YES;
				BUNDLE_LOADER = "$(TEST_HOST)";
				CODE_SIGN_STYLE = Automatic;
				CURRENT_PROJECT_VERSION = 1;
				DEVELOPMENT_TEAM = D85QWSUNYA;
				GENERATE_INFOPLIST_FILE = YES;
				IPHONEOS_DEPLOYMENT_TARGET = 17.5;
				MARKETING_VERSION = 1.0;
				PRODUCT_BUNDLE_IDENTIFIER = com.edu.ukma.danylolitvinchuk.BookheadTests;
				PRODUCT_NAME = "$(TARGET_NAME)";
				SWIFT_EMIT_LOC_STRINGS = NO;
				SWIFT_VERSION = 5.0;
				TARGETED_DEVICE_FAMILY = "1,2";
				TEST_HOST = "$(BUILT_PRODUCTS_DIR)/Bookhead.app/$(BUNDLE_EXECUTABLE_FOLDER_PATH)/Bookhead";
			};
			name = Debug;
		};
		79C9DAA72C882DD300D32078 /* Release */ = {
			isa = XCBuildConfiguration;
			buildSettings = {
				ALWAYS_EMBED_SWIFT_STANDARD_LIBRARIES = YES;
				BUNDLE_LOADER = "$(TEST_HOST)";
				CODE_SIGN_STYLE = Automatic;
				CURRENT_PROJECT_VERSION = 1;
				DEVELOPMENT_TEAM = D85QWSUNYA;
				GENERATE_INFOPLIST_FILE = YES;
				IPHONEOS_DEPLOYMENT_TARGET = 17.5;
				MARKETING_VERSION = 1.0;
				PRODUCT_BUNDLE_IDENTIFIER = com.edu.ukma.danylolitvinchuk.BookheadTests;
				PRODUCT_NAME = "$(TARGET_NAME)";
				SWIFT_EMIT_LOC_STRINGS = NO;
				SWIFT_VERSION = 5.0;
				TARGETED_DEVICE_FAMILY = "1,2";
				TEST_HOST = "$(BUILT_PRODUCTS_DIR)/Bookhead.app/$(BUNDLE_EXECUTABLE_FOLDER_PATH)/Bookhead";
			};
			name = Release;
		};
		79C9DAA92C882DD300D32078 /* Debug */ = {
			isa = XCBuildConfiguration;
			buildSettings = {
				ALWAYS_EMBED_SWIFT_STANDARD_LIBRARIES = YES;
				CODE_SIGN_STYLE = Automatic;
				CURRENT_PROJECT_VERSION = 1;
				DEVELOPMENT_TEAM = D85QWSUNYA;
				GENERATE_INFOPLIST_FILE = YES;
				MARKETING_VERSION = 1.0;
				PRODUCT_BUNDLE_IDENTIFIER = com.edu.ukma.danylolitvinchuk.BookheadUITests;
				PRODUCT_NAME = "$(TARGET_NAME)";
				SWIFT_EMIT_LOC_STRINGS = NO;
				SWIFT_VERSION = 5.0;
				TARGETED_DEVICE_FAMILY = "1,2";
				TEST_TARGET_NAME = Bookhead;
			};
			name = Debug;
		};
		79C9DAAA2C882DD300D32078 /* Release */ = {
			isa = XCBuildConfiguration;
			buildSettings = {
				ALWAYS_EMBED_SWIFT_STANDARD_LIBRARIES = YES;
				CODE_SIGN_STYLE = Automatic;
				CURRENT_PROJECT_VERSION = 1;
				DEVELOPMENT_TEAM = D85QWSUNYA;
				GENERATE_INFOPLIST_FILE = YES;
				MARKETING_VERSION = 1.0;
				PRODUCT_BUNDLE_IDENTIFIER = com.edu.ukma.danylolitvinchuk.BookheadUITests;
				PRODUCT_NAME = "$(TARGET_NAME)";
				SWIFT_EMIT_LOC_STRINGS = NO;
				SWIFT_VERSION = 5.0;
				TARGETED_DEVICE_FAMILY = "1,2";
				TEST_TARGET_NAME = Bookhead;
			};
			name = Release;
		};
/* End XCBuildConfiguration section */

/* Begin XCConfigurationList section */
		79C9DA792C882DD200D32078 /* Build configuration list for PBXProject "Bookhead" */ = {
			isa = XCConfigurationList;
			buildConfigurations = (
				79C9DAA02C882DD300D32078 /* Debug */,
				79C9DAA12C882DD300D32078 /* Release */,
			);
			defaultConfigurationIsVisible = 0;
			defaultConfigurationName = Release;
		};
		79C9DAA22C882DD300D32078 /* Build configuration list for PBXNativeTarget "Bookhead" */ = {
			isa = XCConfigurationList;
			buildConfigurations = (
				79C9DAA32C882DD300D32078 /* Debug */,
				79C9DAA42C882DD300D32078 /* Release */,
			);
			defaultConfigurationIsVisible = 0;
			defaultConfigurationName = Release;
		};
		79C9DAA52C882DD300D32078 /* Build configuration list for PBXNativeTarget "BookheadTests" */ = {
			isa = XCConfigurationList;
			buildConfigurations = (
				79C9DAA62C882DD300D32078 /* Debug */,
				79C9DAA72C882DD300D32078 /* Release */,
			);
			defaultConfigurationIsVisible = 0;
			defaultConfigurationName = Release;
		};
		79C9DAA82C882DD300D32078 /* Build configuration list for PBXNativeTarget "BookheadUITests" */ = {
			isa = XCConfigurationList;
			buildConfigurations = (
				79C9DAA92C882DD300D32078 /* Debug */,
				79C9DAAA2C882DD300D32078 /* Release */,
			);
			defaultConfigurationIsVisible = 0;
			defaultConfigurationName = Release;
		};
/* End XCConfigurationList section */

/* Begin XCRemoteSwiftPackageReference section */
		7902094C2C8DB4A600D9B3BA /* XCRemoteSwiftPackageReference "swift-composable-architecture" */ = {
			isa = XCRemoteSwiftPackageReference;
			repositoryURL = "https://github.com/pointfreeco/swift-composable-architecture";
			requirement = {
				kind = upToNextMajorVersion;
				minimumVersion = 1.14.0;
			};
		};
/* End XCRemoteSwiftPackageReference section */

/* Begin XCSwiftPackageProductDependency section */
		7902094D2C8DB4A600D9B3BA /* ComposableArchitecture */ = {
			isa = XCSwiftPackageProductDependency;
			package = 7902094C2C8DB4A600D9B3BA /* XCRemoteSwiftPackageReference "swift-composable-architecture" */;
			productName = ComposableArchitecture;
		};
/* End XCSwiftPackageProductDependency section */
	};
	rootObject = 79C9DA762C882DD200D32078 /* Project object */;
}
